
Microsoft Visual Studio Solution File, Format Version 12.00
Project("{FAE04EC0-301F-11D3-BF4B-00C04F79EFBC}") = "Note2Book", "Note2Book\Note2Book.csproj", "{C27B387E-2ACD-44E7-9635-BA4088EA9974}"
EndProject
Project("{2150E333-8FDC-42A3-9474-1A3956D46DE8}") = "Solution Items", "Solution Items", "{A20588A3-63B6-4228-9E7A-E8B71ED625D5}"
	ProjectSection(SolutionItems) = preProject
		docker-compose.yml = docker-compose.yml
	EndProjectSection
EndProject
Global
	GlobalSection(SolutionConfigurationPlatforms) = preSolution
		Debug|Any CPU = Debug|Any CPU
		Release|Any CPU = Release|Any CPU
	EndGlobalSection
	GlobalSection(ProjectConfigurationPlatforms) = postSolution
		{C27B387E-2ACD-44E7-9635-BA4088EA9974}.Debug|Any CPU.ActiveCfg = Debug|Any CPU
		{C27B387E-2ACD-44E7-9635-BA4088EA9974}.Debug|Any CPU.Build.0 = Debug|Any CPU
		{C27B387E-2ACD-44E7-9635-BA4088EA9974}.Release|Any CPU.ActiveCfg = Release|Any CPU
		{C27B387E-2ACD-44E7-9635-BA4088EA9974}.Release|Any CPU.Build.0 = Release|Any CPU
	EndGlobalSection
EndGlobal
